{
  "name": "create-arkhi",
  "version": "0.1.0",
  "lockfileVersion": 2,
  "requires": true,
  "packages": {
    "": {
      "name": "create-arkhi",
      "version": "0.1.0",
      "license": "MIT",
      "dependencies": {
        "fs-extra": "^11.1.1"
      },
      "bin": {
        "create-arkhi": "dist/index.js"
      },
      "devDependencies": {
        "@types/fs-extra": "^11.0.2"
      },
      "engines": {
        "node": ">=12.0.0"
      }
    },
    "node_modules/@types/fs-extra": {
      "version": "11.0.2",
      "resolved": "https://registry.npmjs.org/@types/fs-extra/-/fs-extra-11.0.2.tgz",
      "integrity": "sha512-c0hrgAOVYr21EX8J0jBMXGLMgJqVf/v6yxi0dLaJboW9aQPh16Id+z6w2Tx1hm+piJOLv8xPfVKZCLfjPw/IMQ==",
      "dev": true,
      "dependencies": {
        "@types/jsonfile": "*",
        "@types/node": "*"
      }
    },
    "node_modules/@types/jsonfile": {
      "version": "6.1.2",
      "resolved": "https://registry.npmjs.org/@types/jsonfile/-/jsonfile-6.1.2.tgz",
      "integrity": "sha512-8t92P+oeW4d/CRQfJaSqEwXujrhH4OEeHRjGU3v1Q8mUS8GPF3yiX26sw4svv6faL2HfBtGTe2xWIoVgN3dy9w==",
      "dev": true,
      "dependencies": {
        "@types/node": "*"
      }
    },
    "node_modules/@types/node": {
      "version": "20.8.0",
      "resolved": "https://registry.npmjs.org/@types/node/-/node-20.8.0.tgz",
      "integrity": "sha512-LzcWltT83s1bthcvjBmiBvGJiiUe84NWRHkw+ZV6Fr41z2FbIzvc815dk2nQ3RAKMuN2fkenM/z3Xv2QzEpYxQ==",
      "dev": true
    },
    "node_modules/fs-extra": {
      "version": "11.1.1",
      "resolved": "https://registry.npmjs.org/fs-extra/-/fs-extra-11.1.1.tgz",
      "integrity": "sha512-MGIE4HOvQCeUCzmlHs0vXpih4ysz4wg9qiSAu6cd42lVwPbTM1TjV7RusoyQqMmk/95gdQZX72u+YW+c3eEpFQ==",
      "dependencies": {
        "graceful-fs": "^4.2.0",
        "jsonfile": "^6.0.1",
        "universalify": "^2.0.0"
      },
      "engines": {
        "node": ">=14.14"
      }
    },
    "node_modules/graceful-fs": {
      "version": "4.2.11",
      "resolved": "https://registry.npmjs.org/graceful-fs/-/graceful-fs-4.2.11.tgz",
      "integrity": "sha512-RbJ5/jmFcNNCcDV5o9eTnBLJ/HszWV0P73bc+Ff4nS/rJj+YaS6IGyiOL0VoBYX+l1Wrl3k63h/KrH+nhJ0XvQ=="
    },
    "node_modules/jsonfile": {
      "version": "6.1.0",
      "resolved": "https://registry.npmjs.org/jsonfile/-/jsonfile-6.1.0.tgz",
      "integrity": "sha512-5dgndWOriYSm5cnYaJNhalLNDKOqFwyDB/rr1E9ZsGciGvKPs8R2xYGCacuf3z6K1YKDz182fd+fY3cn3pMqXQ==",
      "dependencies": {
        "universalify": "^2.0.0"
      },
      "optionalDependencies": {
        "graceful-fs": "^4.1.6"
      }
    },
    "node_modules/universalify": {
      "version": "2.0.0",
      "resolved": "https://registry.npmjs.org/universalify/-/universalify-2.0.0.tgz",
      "integrity": "sha512-hAZsKq7Yy11Zu1DE0OzWjw7nnLZmJZYTDZZyEFHZdUhV8FkH5MCfoU1XMaxXovpyW5nq5scPqq0ZDP9Zyl04oQ==",
      "engines": {
        "node": ">= 10.0.0"
      }
    }
  },
  "dependencies": {
    "@types/fs-extra": {
      "version": "11.0.2",
      "resolved": "https://registry.npmjs.org/@types/fs-extra/-/fs-extra-11.0.2.tgz",
      "integrity": "sha512-c0hrgAOVYr21EX8J0jBMXGLMgJqVf/v6yxi0dLaJboW9aQPh16Id+z6w2Tx1hm+piJOLv8xPfVKZCLfjPw/IMQ==",
      "dev": true,
      "requires": {
        "@types/jsonfile": "*",
        "@types/node": "*"
      }
    },
    "@types/jsonfile": {
      "version": "6.1.2",
      "resolved": "https://registry.npmjs.org/@types/jsonfile/-/jsonfile-6.1.2.tgz",
      "integrity": "sha512-8t92P+oeW4d/CRQfJaSqEwXujrhH4OEeHRjGU3v1Q8mUS8GPF3yiX26sw4svv6faL2HfBtGTe2xWIoVgN3dy9w==",
      "dev": true,
      "requires": {
        "@types/node": "*"
      }
    },
    "@types/node": {
      "version": "20.8.0",
      "resolved": "https://registry.npmjs.org/@types/node/-/node-20.8.0.tgz",
      "integrity": "sha512-LzcWltT83s1bthcvjBmiBvGJiiUe84NWRHkw+ZV6Fr41z2FbIzvc815dk2nQ3RAKMuN2fkenM/z3Xv2QzEpYxQ==",
      "dev": true
    },
    "fs-extra": {
      "version": "11.1.1",
      "resolved": "https://registry.npmjs.org/fs-extra/-/fs-extra-11.1.1.tgz",
      "integrity": "sha512-MGIE4HOvQCeUCzmlHs0vXpih4ysz4wg9qiSAu6cd42lVwPbTM1TjV7RusoyQqMmk/95gdQZX72u+YW+c3eEpFQ==",
      "requires": {
        "graceful-fs": "^4.2.0",
        "jsonfile": "^6.0.1",
        "universalify": "^2.0.0"
      }
    },
    "graceful-fs": {
      "version": "4.2.11",
      "resolved": "https://registry.npmjs.org/graceful-fs/-/graceful-fs-4.2.11.tgz",
      "integrity": "sha512-RbJ5/jmFcNNCcDV5o9eTnBLJ/HszWV0P73bc+Ff4nS/rJj+YaS6IGyiOL0VoBYX+l1Wrl3k63h/KrH+nhJ0XvQ=="
    },
    "jsonfile": {
      "version": "6.1.0",
      "resolved": "https://registry.npmjs.org/jsonfile/-/jsonfile-6.1.0.tgz",
      "integrity": "sha512-5dgndWOriYSm5cnYaJNhalLNDKOqFwyDB/rr1E9ZsGciGvKPs8R2xYGCacuf3z6K1YKDz182fd+fY3cn3pMqXQ==",
      "requires": {
        "graceful-fs": "^4.1.6",
        "universalify": "^2.0.0"
      }
    },
    "universalify": {
      "version": "2.0.0",
      "resolved": "https://registry.npmjs.org/universalify/-/universalify-2.0.0.tgz",
      "integrity": "sha512-hAZsKq7Yy11Zu1DE0OzWjw7nnLZmJZYTDZZyEFHZdUhV8FkH5MCfoU1XMaxXovpyW5nq5scPqq0ZDP9Zyl04oQ=="
    }
  }
}
